
Microsoft Visual Studio Solution File, Format Version 12.00
# Visual Studio Version 17
VisualStudioVersion = 17.8.34511.84
MinimumVisualStudioVersion = 10.0.40219.1
Project("{FAE04EC0-301F-11D3-BF4B-00C04F79EFBC}") = "Laba_5", "Laba_5.csproj", "{7153C975-9C9F-4C19-B60F-A60C41270F7E}"
EndProject
Global
	GlobalSection(SolutionConfigurationPlatforms) = preSolution
		Debug|Any CPU = Debug|Any CPU
		Release|Any CPU = Release|Any CPU
	EndGlobalSection
	GlobalSection(ProjectConfigurationPlatforms) = postSolution
		{7153C975-9C9F-4C19-B60F-A60C41270F7E}.Debug|Any CPU.ActiveCfg = Debug|Any CPU
		{7153C975-9C9F-4C19-B60F-A60C41270F7E}.Debug|Any CPU.Build.0 = Debug|Any CPU
		{7153C975-9C9F-4C19-B60F-A60C41270F7E}.Release|Any CPU.ActiveCfg = Release|Any CPU
		{7153C975-9C9F-4C19-B60F-A60C41270F7E}.Release|Any CPU.Build.0 = Release|Any CPU
	EndGlobalSection
	GlobalSection(SolutionProperties) = preSolution
		HideSolutionNode = FALSE
	EndGlobalSection
	GlobalSection(ExtensibilityGlobals) = postSolution
		SolutionGuid = {E62E06CF-75A5-4DA9-B385-8BAA80C5F253}
	EndGlobalSection
EndGlobal
