
Microsoft Visual Studio Solution File, Format Version 12.00
# Visual Studio Version 17
VisualStudioVersion = 17.3.32804.467
MinimumVisualStudioVersion = 10.0.40219.1
Project("{FAE04EC0-301F-11D3-BF4B-00C04F79EFBC}") = "Laba_13", "Laba_13\Laba_13.csproj", "{49FCFBC2-71C4-4B0C-9B65-4ED8AD2A6A11}"
EndProject
Global
	GlobalSection(SolutionConfigurationPlatforms) = preSolution
		Debug|Any CPU = Debug|Any CPU
		Release|Any CPU = Release|Any CPU
	EndGlobalSection
	GlobalSection(ProjectConfigurationPlatforms) = postSolution
		{49FCFBC2-71C4-4B0C-9B65-4ED8AD2A6A11}.Debug|Any CPU.ActiveCfg = Debug|Any CPU
		{49FCFBC2-71C4-4B0C-9B65-4ED8AD2A6A11}.Debug|Any CPU.Build.0 = Debug|Any CPU
		{49FCFBC2-71C4-4B0C-9B65-4ED8AD2A6A11}.Release|Any CPU.ActiveCfg = Release|Any CPU
		{49FCFBC2-71C4-4B0C-9B65-4ED8AD2A6A11}.Release|Any CPU.Build.0 = Release|Any CPU
	EndGlobalSection
	GlobalSection(SolutionProperties) = preSolution
		HideSolutionNode = FALSE
	EndGlobalSection
	GlobalSection(ExtensibilityGlobals) = postSolution
		SolutionGuid = {BDAAF19A-8F8B-4BE3-A31D-C93D57B1965F}
	EndGlobalSection
EndGlobal
